{
  "name": "muhiyacode",
  "version": "1.1.1",
  "lockfileVersion": 3,
  "requires": true,
  "packages": {
    "": {
      "name": "muhiyacode",
      "version": "1.1.0",
      "cpu": [
        "x64",
        "arm64"
      ],
      "hasInstallScript": true,
      "license": "MIT",
      "os": [
        "darwin",
        "linux",
        "win32"
      ],
      "bin": {
        "muhiyacode": "bin/muhiyacode.js"
      },
      "engines": {
        "node": ">=16"
      }
    }
  }
}
